dependencies:
- name: redis
  repository: https://charts.bitnami.com/bitnami
  version: 25.3.0
- name: postgresql
  repository: https://charts.bitnami.com/bitnami
  version: 18.4.0
- name: minio
  repository: https://charts.min.io/
  version: 5.4.0
digest: sha256:aa93957bf83d924480a820440d5712810c0ad10efdb1a6af1ecc3c295792c66a
generated: "2026-02-21T02:49:28.598295546Z"
