dependencies:
- name: elasticsearch
  repository: https://charts.bitnami.com/bitnami
  version: 21.6.3
- name: postgresql
  repository: https://charts.bitnami.com/bitnami
  version: 15.5.38
- name: redis
  repository: https://charts.bitnami.com/bitnami
  version: 19.6.4
digest: sha256:7849d01ac8b393076790b67623f89af0b663d26277b5d27aa0ada6304c40008b
generated: "2026-02-22T19:47:28.79954657+04:00"
